// !$*UTF8*$!
{
	archiveVersion = 1;
	classes = {
	};
	objectVersion = 56;
	objects = {

/* Begin PBXBuildFile section */
		B25C71BA2AF87E88009FDA2F /* Constants.swift in Sources */ = {isa = PBXBuildFile; fileRef = B25C71B92AF87E88009FDA2F /* Constants.swift */; };
		B28069632ADBDB5C00E61723 /* kswapApp.swift in Sources */ = {isa = PBXBuildFile; fileRef = B28069622ADBDB5C00E61723 /* kswapApp.swift */; };
		B28069652ADBDB5C00E61723 /* ContentView.swift in Sources */ = {isa = PBXBuildFile; fileRef = B28069642ADBDB5C00E61723 /* ContentView.swift */; };
		B28069672ADBDB5F00E61723 /* Assets.xcassets in Resources */ = {isa = PBXBuildFile; fileRef = B28069662ADBDB5F00E61723 /* Assets.xcassets */; };
		B280696A2ADBDB5F00E61723 /* Preview Assets.xcassets in Resources */ = {isa = PBXBuildFile; fileRef = B28069692ADBDB5F00E61723 /* Preview Assets.xcassets */; };
		B28069792ADBEB6400E61723 /* NavBar.swift in Sources */ = {isa = PBXBuildFile; fileRef = B28069782ADBEB6400E61723 /* NavBar.swift */; };
		B280697B2ADBEBBA00E61723 /* TopBar.swift in Sources */ = {isa = PBXBuildFile; fileRef = B280697A2ADBEBBA00E61723 /* TopBar.swift */; };
		B280697D2ADBF24F00E61723 /* HomeBanner.swift in Sources */ = {isa = PBXBuildFile; fileRef = B280697C2ADBF24F00E61723 /* HomeBanner.swift */; };
		B280697F2ADBF2A900E61723 /* Home.swift in Sources */ = {isa = PBXBuildFile; fileRef = B280697E2ADBF2A900E61723 /* Home.swift */; };
		B293E15B2ADCC20F00A4FB7B /* SearchPage.swift in Sources */ = {isa = PBXBuildFile; fileRef = B293E15A2ADCC20F00A4FB7B /* SearchPage.swift */; };
		B293E15D2ADCC56300A4FB7B /* SearchBar.swift in Sources */ = {isa = PBXBuildFile; fileRef = B293E15C2ADCC56300A4FB7B /* SearchBar.swift */; };
		B293E15F2ADCD88D00A4FB7B /* SignUp.swift in Sources */ = {isa = PBXBuildFile; fileRef = B293E15E2ADCD88D00A4FB7B /* SignUp.swift */; };
		B293E1612ADCDC3E00A4FB7B /* LoggedOutPage.swift in Sources */ = {isa = PBXBuildFile; fileRef = B293E1602ADCDC3E00A4FB7B /* LoggedOutPage.swift */; };
		B293E1632ADCE6E400A4FB7B /* Login.swift in Sources */ = {isa = PBXBuildFile; fileRef = B293E1622ADCE6E400A4FB7B /* Login.swift */; };
/* End PBXBuildFile section */

/* Begin PBXFileReference section */
		B25C71B92AF87E88009FDA2F /* Constants.swift */ = {isa = PBXFileReference; lastKnownFileType = sourcecode.swift; path = Constants.swift; sourceTree = "<group>"; };
		B280695F2ADBDB5C00E61723 /* kswap.app */ = {isa = PBXFileReference; explicitFileType = wrapper.application; includeInIndex = 0; path = kswap.app; sourceTree = BUILT_PRODUCTS_DIR; };
		B28069622ADBDB5C00E61723 /* kswapApp.swift */ = {isa = PBXFileReference; lastKnownFileType = sourcecode.swift; path = kswapApp.swift; sourceTree = "<group>"; };
		B28069642ADBDB5C00E61723 /* ContentView.swift */ = {isa = PBXFileReference; lastKnownFileType = sourcecode.swift; path = ContentView.swift; sourceTree = "<group>"; };
		B28069662ADBDB5F00E61723 /* Assets.xcassets */ = {isa = PBXFileReference; lastKnownFileType = folder.assetcatalog; path = Assets.xcassets; sourceTree = "<group>"; };
		B28069692ADBDB5F00E61723 /* Preview Assets.xcassets */ = {isa = PBXFileReference; lastKnownFileType = folder.assetcatalog; path = "Preview Assets.xcassets"; sourceTree = "<group>"; };
		B28069782ADBEB6400E61723 /* NavBar.swift */ = {isa = PBXFileReference; lastKnownFileType = sourcecode.swift; path = NavBar.swift; sourceTree = "<group>"; };
		B280697A2ADBEBBA00E61723 /* TopBar.swift */ = {isa = PBXFileReference; lastKnownFileType = sourcecode.swift; path = TopBar.swift; sourceTree = "<group>"; };
		B280697C2ADBF24F00E61723 /* HomeBanner.swift */ = {isa = PBXFileReference; lastKnownFileType = sourcecode.swift; path = HomeBanner.swift; sourceTree = "<group>"; };
		B280697E2ADBF2A900E61723 /* Home.swift */ = {isa = PBXFileReference; lastKnownFileType = sourcecode.swift; path = Home.swift; sourceTree = "<group>"; };
		B293E15A2ADCC20F00A4FB7B /* SearchPage.swift */ = {isa = PBXFileReference; lastKnownFileType = sourcecode.swift; path = SearchPage.swift; sourceTree = "<group>"; };
		B293E15C2ADCC56300A4FB7B /* SearchBar.swift */ = {isa = PBXFileReference; lastKnownFileType = sourcecode.swift; path = SearchBar.swift; sourceTree = "<group>"; };
		B293E15E2ADCD88D00A4FB7B /* SignUp.swift */ = {isa = PBXFileReference; lastKnownFileType = sourcecode.swift; path = SignUp.swift; sourceTree = "<group>"; };
		B293E1602ADCDC3E00A4FB7B /* LoggedOutPage.swift */ = {isa = PBXFileReference; lastKnownFileType = sourcecode.swift; path = LoggedOutPage.swift; sourceTree = "<group>"; };
		B293E1622ADCE6E400A4FB7B /* Login.swift */ = {isa = PBXFileReference; lastKnownFileType = sourcecode.swift; path = Login.swift; sourceTree = "<group>"; };
/* End PBXFileReference section */

/* Begin PBXFrameworksBuildPhase section */
		B280695C2ADBDB5C00E61723 /* Frameworks */ = {
			isa = PBXFrameworksBuildPhase;
			buildActionMask = 2147483647;
			files = (
			);
			runOnlyForDeploymentPostprocessing = 0;
		};
/* End PBXFrameworksBuildPhase section */

/* Begin PBXGroup section */
		B25C71B22AF875C6009FDA2F /* Views */ = {
			isa = PBXGroup;
			children = (
				B293E15A2ADCC20F00A4FB7B /* SearchPage.swift */,
				B28069642ADBDB5C00E61723 /* ContentView.swift */,
				B293E1622ADCE6E400A4FB7B /* Login.swift */,
				B280697E2ADBF2A900E61723 /* Home.swift */,
				B293E15C2ADCC56300A4FB7B /* SearchBar.swift */,
				B293E15E2ADCD88D00A4FB7B /* SignUp.swift */,
				B293E1602ADCDC3E00A4FB7B /* LoggedOutPage.swift */,
				B280697C2ADBF24F00E61723 /* HomeBanner.swift */,
				B280697A2ADBEBBA00E61723 /* TopBar.swift */,
				B28069782ADBEB6400E61723 /* NavBar.swift */,
			);
			path = Views;
			sourceTree = "<group>";
		};
		B28069562ADBDB5C00E61723 = {
			isa = PBXGroup;
			children = (
				B28069612ADBDB5C00E61723 /* kswap */,
				B28069602ADBDB5C00E61723 /* Products */,
			);
			sourceTree = "<group>";
		};
		B28069602ADBDB5C00E61723 /* Products */ = {
			isa = PBXGroup;
			children = (
				B280695F2ADBDB5C00E61723 /* kswap.app */,
			);
			name = Products;
			sourceTree = "<group>";
		};
		B28069612ADBDB5C00E61723 /* kswap */ = {
			isa = PBXGroup;
			children = (
				B28069622ADBDB5C00E61723 /* kswapApp.swift */,
				B28069662ADBDB5F00E61723 /* Assets.xcassets */,
				B28069682ADBDB5F00E61723 /* Preview Content */,
				B25C71B22AF875C6009FDA2F /* Views */,
				B25C71B92AF87E88009FDA2F /* Constants.swift */,
			);
			path = kswap;
			sourceTree = "<group>";
		};
		B28069682ADBDB5F00E61723 /* Preview Content */ = {
			isa = PBXGroup;
			children = (
				B28069692ADBDB5F00E61723 /* Preview Assets.xcassets */,
			);
			path = "Preview Content";
			sourceTree = "<group>";
		};
/* End PBXGroup section */

/* Begin PBXNativeTarget section */
		B280695E2ADBDB5C00E61723 /* kswap */ = {
			isa = PBXNativeTarget;
			buildConfigurationList = B280696D2ADBDB5F00E61723 /* Build configuration list for PBXNativeTarget "kswap" */;
			buildPhases = (
				B280695B2ADBDB5C00E61723 /* Sources */,
				B280695C2ADBDB5C00E61723 /* Frameworks */,
				B280695D2ADBDB5C00E61723 /* Resources */,
			);
			buildRules = (
			);
			dependencies = (
			);
			name = kswap;
			productName = kswap;
			productReference = B280695F2ADBDB5C00E61723 /* kswap.app */;
			productType = "com.apple.product-type.application";
		};
/* End PBXNativeTarget section */

/* Begin PBXProject section */
		B28069572ADBDB5C00E61723 /* Project object */ = {
			isa = PBXProject;
			attributes = {
				BuildIndependentTargetsInParallel = 1;
				LastSwiftUpdateCheck = 1430;
				LastUpgradeCheck = 1430;
				TargetAttributes = {
					B280695E2ADBDB5C00E61723 = {
						CreatedOnToolsVersion = 14.3.1;
					};
				};
			};
			buildConfigurationList = B280695A2ADBDB5C00E61723 /* Build configuration list for PBXProject "kswap" */;
			compatibilityVersion = "Xcode 14.0";
			developmentRegion = en;
			hasScannedForEncodings = 0;
			knownRegions = (
				en,
				Base,
			);
			mainGroup = B28069562ADBDB5C00E61723;
			productRefGroup = B28069602ADBDB5C00E61723 /* Products */;
			projectDirPath = "";
			projectRoot = "";
			targets = (
				B280695E2ADBDB5C00E61723 /* kswap */,
			);
		};
/* End PBXProject section */

/* Begin PBXResourcesBuildPhase section */
		B280695D2ADBDB5C00E61723 /* Resources */ = {
			isa = PBXResourcesBuildPhase;
			buildActionMask = 2147483647;
			files = (
				B280696A2ADBDB5F00E61723 /* Preview Assets.xcassets in Resources */,
				B28069672ADBDB5F00E61723 /* Assets.xcassets in Resources */,
			);
			runOnlyForDeploymentPostprocessing = 0;
		};
/* End PBXResourcesBuildPhase section */

/* Begin PBXSourcesBuildPhase section */
		B280695B2ADBDB5C00E61723 /* Sources */ = {
			isa = PBXSourcesBuildPhase;
			buildActionMask = 2147483647;
			files = (
				B28069652ADBDB5C00E61723 /* ContentView.swift in Sources */,
				B28069632ADBDB5C00E61723 /* kswapApp.swift in Sources */,
				B28069792ADBEB6400E61723 /* NavBar.swift in Sources */,
				B293E1612ADCDC3E00A4FB7B /* LoggedOutPage.swift in Sources */,
				B280697B2ADBEBBA00E61723 /* TopBar.swift in Sources */,
				B293E15B2ADCC20F00A4FB7B /* SearchPage.swift in Sources */,
				B293E15D2ADCC56300A4FB7B /* SearchBar.swift in Sources */,
				B280697F2ADBF2A900E61723 /* Home.swift in Sources */,
				B280697D2ADBF24F00E61723 /* HomeBanner.swift in Sources */,
				B293E1632ADCE6E400A4FB7B /* Login.swift in Sources */,
				B293E15F2ADCD88D00A4FB7B /* SignUp.swift in Sources */,
				B25C71BA2AF87E88009FDA2F /* Constants.swift in Sources */,
			);
			runOnlyForDeploymentPostprocessing = 0;
		};
/* End PBXSourcesBuildPhase section */

/* Begin XCBuildConfiguration section */
		B280696B2ADBDB5F00E61723 /* Debug */ = {
			isa = XCBuildConfiguration;
			buildSettings = {
				ALWAYS_SEARCH_USER_PATHS = NO;
				CLANG_ANALYZER_NONNULL = YES;
				CLANG_ANALYZER_NUMBER_OBJECT_CONVERSION = YES_AGGRESSIVE;
				CLANG_CXX_LANGUAGE_STANDARD = "gnu++20";
				CLANG_ENABLE_MODULES = YES;
				CLANG_ENABLE_OBJC_ARC = YES;
				CLANG_ENABLE_OBJC_WEAK = YES;
				CLANG_WARN_BLOCK_CAPTURE_AUTORELEASING = YES;
				CLANG_WARN_BOOL_CONVERSION = YES;
				CLANG_WARN_COMMA = YES;
				CLANG_WARN_CONSTANT_CONVERSION = YES;
				CLANG_WARN_DEPRECATED_OBJC_IMPLEMENTATIONS = YES;
				CLANG_WARN_DIRECT_OBJC_ISA_USAGE = YES_ERROR;
				CLANG_WARN_DOCUMENTATION_COMMENTS = YES;
				CLANG_WARN_EMPTY_BODY = YES;
				CLANG_WARN_ENUM_CONVERSION = YES;
				CLANG_WARN_INFINITE_RECURSION = YES;
				CLANG_WARN_INT_CONVERSION = YES;
				CLANG_WARN_NON_LITERAL_NULL_CONVERSION = YES;
				CLANG_WARN_OBJC_IMPLICIT_RETAIN_SELF = YES;
				CLANG_WARN_OBJC_LITERAL_CONVERSION = YES;
				CLANG_WARN_OBJC_ROOT_CLASS = YES_ERROR;
				CLANG_WARN_QUOTED_INCLUDE_IN_FRAMEWORK_HEADER = YES;
				CLANG_WARN_RANGE_LOOP_ANALYSIS = YES;
				CLANG_WARN_STRICT_PROTOTYPES = YES;
				CLANG_WARN_SUSPICIOUS_MOVE = YES;
				CLANG_WARN_UNGUARDED_AVAILABILITY = YES_AGGRESSIVE;
				CLANG_WARN_UNREACHABLE_CODE = YES;
				CLANG_WARN__DUPLICATE_METHOD_MATCH = YES;
				COPY_PHASE_STRIP = NO;
				DEBUG_INFORMATION_FORMAT = dwarf;
				ENABLE_STRICT_OBJC_MSGSEND = YES;
				ENABLE_TESTABILITY = YES;
				GCC_C_LANGUAGE_STANDARD = gnu11;
				GCC_DYNAMIC_NO_PIC = NO;
				GCC_NO_COMMON_BLOCKS = YES;
				GCC_OPTIMIZATION_LEVEL = 0;
				GCC_PREPROCESSOR_DEFINITIONS = (
					"DEBUG=1",
					"$(inherited)",
				);
				GCC_WARN_64_TO_32_BIT_CONVERSION = YES;
				GCC_WARN_ABOUT_RETURN_TYPE = YES_ERROR;
				GCC_WARN_UNDECLARED_SELECTOR = YES;
				GCC_WARN_UNINITIALIZED_AUTOS = YES_AGGRESSIVE;
				GCC_WARN_UNUSED_FUNCTION = YES;
				GCC_WARN_UNUSED_VARIABLE = YES;
				IPHONEOS_DEPLOYMENT_TARGET = 16.4;
				MTL_ENABLE_DEBUG_INFO = INCLUDE_SOURCE;
				MTL_FAST_MATH = YES;
				ONLY_ACTIVE_ARCH = YES;
				SDKROOT = iphoneos;
				SWIFT_ACTIVE_COMPILATION_CONDITIONS = DEBUG;
				SWIFT_OPTIMIZATION_LEVEL = "-Onone";
			};
			name = Debug;
		};
		B280696C2ADBDB5F00E61723 /* Release */ = {
			isa = XCBuildConfiguration;
			buildSettings = {
				ALWAYS_SEARCH_USER_PATHS = NO;
				CLANG_ANALYZER_NONNULL = YES;
				CLANG_ANALYZER_NUMBER_OBJECT_CONVERSION = YES_AGGRESSIVE;
				CLANG_CXX_LANGUAGE_STANDARD = "gnu++20";
				CLANG_ENABLE_MODULES = YES;
				CLANG_ENABLE_OBJC_ARC = YES;
				CLANG_ENABLE_OBJC_WEAK = YES;
				CLANG_WARN_BLOCK_CAPTURE_AUTORELEASING = YES;
				CLANG_WARN_BOOL_CONVERSION = YES;
				CLANG_WARN_COMMA = YES;
				CLANG_WARN_CONSTANT_CONVERSION = YES;
				CLANG_WARN_DEPRECATED_OBJC_IMPLEMENTATIONS = YES;
				CLANG_WARN_DIRECT_OBJC_ISA_USAGE = YES_ERROR;
				CLANG_WARN_DOCUMENTATION_COMMENTS = YES;
				CLANG_WARN_EMPTY_BODY = YES;
				CLANG_WARN_ENUM_CONVERSION = YES;
				CLANG_WARN_INFINITE_RECURSION = YES;
				CLANG_WARN_INT_CONVERSION = YES;
				CLANG_WARN_NON_LITERAL_NULL_CONVERSION = YES;
				CLANG_WARN_OBJC_IMPLICIT_RETAIN_SELF = YES;
				CLANG_WARN_OBJC_LITERAL_CONVERSION = YES;
				CLANG_WARN_OBJC_ROOT_CLASS = YES_ERROR;
				CLANG_WARN_QUOTED_INCLUDE_IN_FRAMEWORK_HEADER = YES;
				CLANG_WARN_RANGE_LOOP_ANALYSIS = YES;
				CLANG_WARN_STRICT_PROTOTYPES = YES;
				CLANG_WARN_SUSPICIOUS_MOVE = YES;
				CLANG_WARN_UNGUARDED_AVAILABILITY = YES_AGGRESSIVE;
				CLANG_WARN_UNREACHABLE_CODE = YES;
				CLANG_WARN__DUPLICATE_METHOD_MATCH = YES;
				COPY_PHASE_STRIP = NO;
				DEBUG_INFORMATION_FORMAT = "dwarf-with-dsym";
				ENABLE_NS_ASSERTIONS = NO;
				ENABLE_STRICT_OBJC_MSGSEND = YES;
				GCC_C_LANGUAGE_STANDARD = gnu11;
				GCC_NO_COMMON_BLOCKS = YES;
				GCC_WARN_64_TO_32_BIT_CONVERSION = YES;
				GCC_WARN_ABOUT_RETURN_TYPE = YES_ERROR;
				GCC_WARN_UNDECLARED_SELECTOR = YES;
				GCC_WARN_UNINITIALIZED_AUTOS = YES_AGGRESSIVE;
				GCC_WARN_UNUSED_FUNCTION = YES;
				GCC_WARN_UNUSED_VARIABLE = YES;
				IPHONEOS_DEPLOYMENT_TARGET = 16.4;
				MTL_ENABLE_DEBUG_INFO = NO;
				MTL_FAST_MATH = YES;
				SDKROOT = iphoneos;
				SWIFT_COMPILATION_MODE = wholemodule;
				SWIFT_OPTIMIZATION_LEVEL = "-O";
				VALIDATE_PRODUCT = YES;
			};
			name = Release;
		};
		B280696E2ADBDB5F00E61723 /* Debug */ = {
			isa = XCBuildConfiguration;
			buildSettings = {
				ASSETCATALOG_COMPILER_APPICON_NAME = AppIcon;
				ASSETCATALOG_COMPILER_GLOBAL_ACCENT_COLOR_NAME = AccentColor;
				CODE_SIGN_STYLE = Automatic;
				CURRENT_PROJECT_VERSION = 1;
				DEVELOPMENT_ASSET_PATHS = "\"kswap/Preview Content\"";
				ENABLE_PREVIEWS = YES;
				GENERATE_INFOPLIST_FILE = YES;
				INFOPLIST_KEY_UIApplicationSceneManifest_Generation = YES;
				INFOPLIST_KEY_UIApplicationSupportsIndirectInputEvents = YES;
				INFOPLIST_KEY_UILaunchScreen_Generation = YES;
				INFOPLIST_KEY_UISupportedInterfaceOrientations_iPad = "UIInterfaceOrientationPortrait UIInterfaceOrientationPortraitUpsideDown UIInterfaceOrientationLandscapeLeft UIInterfaceOrientationLandscapeRight";
				INFOPLIST_KEY_UISupportedInterfaceOrientations_iPhone = "UIInterfaceOrientationPortrait UIInterfaceOrientationLandscapeLeft UIInterfaceOrientationLandscapeRight";
				LD_RUNPATH_SEARCH_PATHS = (
					"$(inherited)",
					"@executable_path/Frameworks",
				);
				MARKETING_VERSION = 1.0;
				PRODUCT_BUNDLE_IDENTIFIER = eborres.kswap;
				PRODUCT_NAME = "$(TARGET_NAME)";
				SWIFT_EMIT_LOC_STRINGS = YES;
				SWIFT_VERSION = 5.0;
				TARGETED_DEVICE_FAMILY = "1,2";
			};
			name = Debug;
		};
		B280696F2ADBDB5F00E61723 /* Release */ = {
			isa = XCBuildConfiguration;
			buildSettings = {
				ASSETCATALOG_COMPILER_APPICON_NAME = AppIcon;
				ASSETCATALOG_COMPILER_GLOBAL_ACCENT_COLOR_NAME = AccentColor;
				CODE_SIGN_STYLE = Automatic;
				CURRENT_PROJECT_VERSION = 1;
				DEVELOPMENT_ASSET_PATHS = "\"kswap/Preview Content\"";
				ENABLE_PREVIEWS = YES;
				GENERATE_INFOPLIST_FILE = YES;
				INFOPLIST_KEY_UIApplicationSceneManifest_Generation = YES;
				INFOPLIST_KEY_UIApplicationSupportsIndirectInputEvents = YES;
				INFOPLIST_KEY_UILaunchScreen_Generation = YES;
				INFOPLIST_KEY_UISupportedInterfaceOrientations_iPad = "UIInterfaceOrientationPortrait UIInterfaceOrientationPortraitUpsideDown UIInterfaceOrientationLandscapeLeft UIInterfaceOrientationLandscapeRight";
				INFOPLIST_KEY_UISupportedInterfaceOrientations_iPhone = "UIInterfaceOrientationPortrait UIInterfaceOrientationLandscapeLeft UIInterfaceOrientationLandscapeRight";
				LD_RUNPATH_SEARCH_PATHS = (
					"$(inherited)",
					"@executable_path/Frameworks",
				);
				MARKETING_VERSION = 1.0;
				PRODUCT_BUNDLE_IDENTIFIER = eborres.kswap;
				PRODUCT_NAME = "$(TARGET_NAME)";
				SWIFT_EMIT_LOC_STRINGS = YES;
				SWIFT_VERSION = 5.0;
				TARGETED_DEVICE_FAMILY = "1,2";
			};
			name = Release;
		};
/* End XCBuildConfiguration section */

/* Begin XCConfigurationList section */
		B280695A2ADBDB5C00E61723 /* Build configuration list for PBXProject "kswap" */ = {
			isa = XCConfigurationList;
			buildConfigurations = (
				B280696B2ADBDB5F00E61723 /* Debug */,
				B280696C2ADBDB5F00E61723 /* Release */,
			);
			defaultConfigurationIsVisible = 0;
			defaultConfigurationName = Release;
		};
		B280696D2ADBDB5F00E61723 /* Build configuration list for PBXNativeTarget "kswap" */ = {
			isa = XCConfigurationList;
			buildConfigurations = (
				B280696E2ADBDB5F00E61723 /* Debug */,
				B280696F2ADBDB5F00E61723 /* Release */,
			);
			defaultConfigurationIsVisible = 0;
			defaultConfigurationName = Release;
		};
/* End XCConfigurationList section */
	};
	rootObject = B28069572ADBDB5C00E61723 /* Project object */;
}
